
Microsoft Visual Studio Solution File, Format Version 12.00
# Visual Studio 2012
Project("{D954291E-2A0B-460D-934E-DC6B0785DB48}") = "Desafio2", "Desafio2\Desafio2.shproj", "{AACAD1A9-1405-4E39-8436-2DDAB9735720}"
EndProject
Project("{FAE04EC0-301F-11D3-BF4B-00C04F79EFBC}") = "Desafio2.iOS", "iOS\Desafio2.iOS.csproj", "{EE24871C-B456-4053-B96E-F92FB20AFE12}"
EndProject
Project("{FAE04EC0-301F-11D3-BF4B-00C04F79EFBC}") = "Desafio2.Droid", "Droid\Desafio2.Droid.csproj", "{180A72FB-0DE9-4CC2-9CCF-520831C50E49}"
EndProject
Global
	GlobalSection(SolutionConfigurationPlatforms) = preSolution
		Debug|iPhoneSimulator = Debug|iPhoneSimulator
		Release|iPhone = Release|iPhone
		Release|iPhoneSimulator = Release|iPhoneSimulator
		Debug|iPhone = Debug|iPhone
		Debug|Any CPU = Debug|Any CPU
		Release|Any CPU = Release|Any CPU
	EndGlobalSection
	GlobalSection(ProjectConfigurationPlatforms) = postSolution
		{EE24871C-B456-4053-B96E-F92FB20AFE12}.Debug|iPhoneSimulator.ActiveCfg = Debug|iPhoneSimulator
		{EE24871C-B456-4053-B96E-F92FB20AFE12}.Debug|iPhoneSimulator.Build.0 = Debug|iPhoneSimulator
		{EE24871C-B456-4053-B96E-F92FB20AFE12}.Release|iPhone.ActiveCfg = Release|iPhone
		{EE24871C-B456-4053-B96E-F92FB20AFE12}.Release|iPhone.Build.0 = Release|iPhone
		{EE24871C-B456-4053-B96E-F92FB20AFE12}.Release|iPhoneSimulator.ActiveCfg = Release|iPhoneSimulator
		{EE24871C-B456-4053-B96E-F92FB20AFE12}.Release|iPhoneSimulator.Build.0 = Release|iPhoneSimulator
		{EE24871C-B456-4053-B96E-F92FB20AFE12}.Debug|iPhone.ActiveCfg = Debug|iPhone
		{EE24871C-B456-4053-B96E-F92FB20AFE12}.Debug|iPhone.Build.0 = Debug|iPhone
		{EE24871C-B456-4053-B96E-F92FB20AFE12}.Debug|Any CPU.ActiveCfg = Debug|iPhoneSimulator
		{EE24871C-B456-4053-B96E-F92FB20AFE12}.Debug|Any CPU.Build.0 = Debug|iPhoneSimulator
		{EE24871C-B456-4053-B96E-F92FB20AFE12}.Release|Any CPU.ActiveCfg = Release|iPhone
		{EE24871C-B456-4053-B96E-F92FB20AFE12}.Release|Any CPU.Build.0 = Release|iPhone
		{180A72FB-0DE9-4CC2-9CCF-520831C50E49}.Debug|iPhoneSimulator.ActiveCfg = Debug|Any CPU
		{180A72FB-0DE9-4CC2-9CCF-520831C50E49}.Debug|iPhoneSimulator.Build.0 = Debug|Any CPU
		{180A72FB-0DE9-4CC2-9CCF-520831C50E49}.Release|iPhone.ActiveCfg = Release|Any CPU
		{180A72FB-0DE9-4CC2-9CCF-520831C50E49}.Release|iPhone.Build.0 = Release|Any CPU
		{180A72FB-0DE9-4CC2-9CCF-520831C50E49}.Release|iPhoneSimulator.ActiveCfg = Release|Any CPU
		{180A72FB-0DE9-4CC2-9CCF-520831C50E49}.Release|iPhoneSimulator.Build.0 = Release|Any CPU
		{180A72FB-0DE9-4CC2-9CCF-520831C50E49}.Debug|iPhone.ActiveCfg = Debug|Any CPU
		{180A72FB-0DE9-4CC2-9CCF-520831C50E49}.Debug|iPhone.Build.0 = Debug|Any CPU
		{180A72FB-0DE9-4CC2-9CCF-520831C50E49}.Debug|Any CPU.ActiveCfg = Debug|Any CPU
		{180A72FB-0DE9-4CC2-9CCF-520831C50E49}.Debug|Any CPU.Build.0 = Debug|Any CPU
		{180A72FB-0DE9-4CC2-9CCF-520831C50E49}.Release|Any CPU.ActiveCfg = Release|Any CPU
		{180A72FB-0DE9-4CC2-9CCF-520831C50E49}.Release|Any CPU.Build.0 = Release|Any CPU
	EndGlobalSection
EndGlobal
